
Microsoft Visual Studio Solution File, Format Version 12.00
# Visual Studio 2013
VisualStudioVersion = 12.0.31101.0
MinimumVisualStudioVersion = 10.0.40219.1
Project("{FAE04EC0-301F-11D3-BF4B-00C04F79EFBC}") = "Generics", "Generics\Generics.csproj", "{4570F5CA-0922-48C7-9C40-184FB34FBC80}"
EndProject
Project("{FAE04EC0-301F-11D3-BF4B-00C04F79EFBC}") = "Constraints", "Constraints\Constraints.csproj", "{BC361C15-6224-42FF-A96C-9F29E5B6B199}"
EndProject
Global
	GlobalSection(SolutionConfigurationPlatforms) = preSolution
		Debug|Any CPU = Debug|Any CPU
		Release|Any CPU = Release|Any CPU
	EndGlobalSection
	GlobalSection(ProjectConfigurationPlatforms) = postSolution
		{4570F5CA-0922-48C7-9C40-184FB34FBC80}.Debug|Any CPU.ActiveCfg = Debug|Any CPU
		{4570F5CA-0922-48C7-9C40-184FB34FBC80}.Debug|Any CPU.Build.0 = Debug|Any CPU
		{4570F5CA-0922-48C7-9C40-184FB34FBC80}.Release|Any CPU.ActiveCfg = Release|Any CPU
		{4570F5CA-0922-48C7-9C40-184FB34FBC80}.Release|Any CPU.Build.0 = Release|Any CPU
		{BC361C15-6224-42FF-A96C-9F29E5B6B199}.Debug|Any CPU.ActiveCfg = Debug|Any CPU
		{BC361C15-6224-42FF-A96C-9F29E5B6B199}.Debug|Any CPU.Build.0 = Debug|Any CPU
		{BC361C15-6224-42FF-A96C-9F29E5B6B199}.Release|Any CPU.ActiveCfg = Release|Any CPU
		{BC361C15-6224-42FF-A96C-9F29E5B6B199}.Release|Any CPU.Build.0 = Release|Any CPU
	EndGlobalSection
	GlobalSection(SolutionProperties) = preSolution
		HideSolutionNode = FALSE
	EndGlobalSection
EndGlobal
